
Microsoft Visual Studio Solution File, Format Version 12.00
# Visual Studio Version 17
VisualStudioVersion = 17.12.35707.178 d17.12
MinimumVisualStudioVersion = 10.0.40219.1
Project("{FAE04EC0-301F-11D3-BF4B-00C04F79EFBC}") = "GamaEdtech.Back.FAQ.Application", "GamaEdtech.Back.FAQ.Presentation\GamaEdtech.Back.FAQ.Application.csproj", "{477D1C61-CA89-4520-A9C8-B0EABB4D40C7}"
EndProject
Project("{FAE04EC0-301F-11D3-BF4B-00C04F79EFBC}") = "GamaEdtech.Back.FAQ.Domain", "GamaEdtech.Back.FAQ.Domain\GamaEdtech.Back.FAQ.Domain.csproj", "{A5D1D392-F174-49CF-8CFB-B4E72FF6D005}"
EndProject
Project("{FAE04EC0-301F-11D3-BF4B-00C04F79EFBC}") = "GamaEdtech.Back.FAQ.Infrastructure", "GamaEdtech.Back.FAQ.Infrastructure\GamaEdtech.Back.FAQ.Infrastructure.csproj", "{A36EE0A2-89ED-4F57-A915-51EB9FB122B2}"
EndProject
Global
	GlobalSection(SolutionConfigurationPlatforms) = preSolution
		Debug|Any CPU = Debug|Any CPU
		Release|Any CPU = Release|Any CPU
	EndGlobalSection
	GlobalSection(ProjectConfigurationPlatforms) = postSolution
		{477D1C61-CA89-4520-A9C8-B0EABB4D40C7}.Debug|Any CPU.ActiveCfg = Debug|Any CPU
		{477D1C61-CA89-4520-A9C8-B0EABB4D40C7}.Debug|Any CPU.Build.0 = Debug|Any CPU
		{477D1C61-CA89-4520-A9C8-B0EABB4D40C7}.Release|Any CPU.ActiveCfg = Release|Any CPU
		{477D1C61-CA89-4520-A9C8-B0EABB4D40C7}.Release|Any CPU.Build.0 = Release|Any CPU
		{A5D1D392-F174-49CF-8CFB-B4E72FF6D005}.Debug|Any CPU.ActiveCfg = Debug|Any CPU
		{A5D1D392-F174-49CF-8CFB-B4E72FF6D005}.Debug|Any CPU.Build.0 = Debug|Any CPU
		{A5D1D392-F174-49CF-8CFB-B4E72FF6D005}.Release|Any CPU.ActiveCfg = Release|Any CPU
		{A5D1D392-F174-49CF-8CFB-B4E72FF6D005}.Release|Any CPU.Build.0 = Release|Any CPU
		{A36EE0A2-89ED-4F57-A915-51EB9FB122B2}.Debug|Any CPU.ActiveCfg = Debug|Any CPU
		{A36EE0A2-89ED-4F57-A915-51EB9FB122B2}.Debug|Any CPU.Build.0 = Debug|Any CPU
		{A36EE0A2-89ED-4F57-A915-51EB9FB122B2}.Release|Any CPU.ActiveCfg = Release|Any CPU
		{A36EE0A2-89ED-4F57-A915-51EB9FB122B2}.Release|Any CPU.Build.0 = Release|Any CPU
	EndGlobalSection
	GlobalSection(SolutionProperties) = preSolution
		HideSolutionNode = FALSE
	EndGlobalSection
EndGlobal
